
Microsoft Visual Studio Solution File, Format Version 12.00
# Visual Studio Version 17
VisualStudioVersion = 17.2.32602.215
MinimumVisualStudioVersion = 10.0.40219.1
Project("{2150E333-8FDC-42A3-9474-1A3956D46DE8}") = "src", "src", "{1D1BC694-4050-4FF1-B8AA-C789174527B2}"
EndProject
Project("{2150E333-8FDC-42A3-9474-1A3956D46DE8}") = "tests", "tests", "{8484EEF7-3353-4A49-91D2-E5CA21A653C7}"
EndProject
Project("{2150E333-8FDC-42A3-9474-1A3956D46DE8}") = "ApiGateways", "ApiGateways", "{947F5727-34DF-4871-925C-4712DDFAE205}"
EndProject
Project("{2150E333-8FDC-42A3-9474-1A3956D46DE8}") = "BuildingBlocks", "BuildingBlocks", "{C235AB8D-1CD4-4672-8275-1F3E38179424}"
EndProject
Project("{2150E333-8FDC-42A3-9474-1A3956D46DE8}") = "Services", "Services", "{432F19E2-B835-4740-AF89-2302DA60CDA4}"
EndProject
Project("{2150E333-8FDC-42A3-9474-1A3956D46DE8}") = "Web", "Web", "{45F65E93-EC8F-4EC1-A125-8C5E42740EF1}"
EndProject
Project("{2150E333-8FDC-42A3-9474-1A3956D46DE8}") = "MessageCore", "MessageCore", "{ECBA71CC-8CB6-445D-B86E-BB6DCB0E1C22}"
EndProject
Project("{2150E333-8FDC-42A3-9474-1A3956D46DE8}") = "Api", "Api", "{336D169D-2AFB-4D92-8578-B67E55395DD4}"
EndProject
Project("{2150E333-8FDC-42A3-9474-1A3956D46DE8}") = "BackgroundTask", "BackgroundTask", "{C665C75A-8A16-4E51-95CF-2326B5B1BBF4}"
EndProject
Project("{2150E333-8FDC-42A3-9474-1A3956D46DE8}") = "Application", "Application", "{98A49435-DB5D-4D31-A63D-72BC727E8ABE}"
EndProject
Project("{2150E333-8FDC-42A3-9474-1A3956D46DE8}") = "Domain", "Domain", "{BC75EBD9-8B19-4DA1-B15B-ABE4A5CF87B3}"
EndProject
Project("{2150E333-8FDC-42A3-9474-1A3956D46DE8}") = "Infrastructure", "Infrastructure", "{F0DF63BE-B8DD-469E-BA73-619B232968C3}"
EndProject
Project("{2150E333-8FDC-42A3-9474-1A3956D46DE8}") = "Repository", "Repository", "{C5C4BD1B-33FE-4582-8CCF-028D719C26F6}"
EndProject
Project("{2150E333-8FDC-42A3-9474-1A3956D46DE8}") = "WebAdmin", "WebAdmin", "{9946752D-8A43-49CE-9544-12874F16F841}"
EndProject
Project("{9A19103F-16F7-4668-BE54-9A1E7A4F7556}") = "MessageCore.Domain", "src\Services\MessageCore\MessageCore.Domain\MessageCore.Domain.csproj", "{3E6B5910-930B-4467-A469-DBEC064A8A5F}"
EndProject
Project("{9A19103F-16F7-4668-BE54-9A1E7A4F7556}") = "MessageCore.Repository.MongoDB", "src\Services\MessageCore\MessageCore.Repository.MongoDB\MessageCore.Repository.MongoDB.csproj", "{D9059CB8-D093-4457-A708-C5BD5545A26E}"
EndProject
Project("{9A19103F-16F7-4668-BE54-9A1E7A4F7556}") = "MessageCore.Application", "src\Services\MessageCore\MessageCore.Application\MessageCore.Application.csproj", "{34BBE3F3-E01F-4920-96FD-4621BEAC9D38}"
EndProject
Project("{9A19103F-16F7-4668-BE54-9A1E7A4F7556}") = "MessageCore.AdminApi", "src\Services\MessageCore\MessageCore.AdminApi\MessageCore.AdminApi.csproj", "{1E03AAAD-3BBB-495D-93B4-FB6B67ACA803}"
EndProject
Project("{9A19103F-16F7-4668-BE54-9A1E7A4F7556}") = "MessageCore.BackgroundTask", "src\Services\MessageCore\MessageCore.BackgroundTask\MessageCore.BackgroundTask.csproj", "{615ACA38-4663-4A71-A3AF-9676CB783258}"
EndProject
Project("{9A19103F-16F7-4668-BE54-9A1E7A4F7556}") = "MessageCore.Infrastructure.Crosscutting", "src\Services\MessageCore\MessageCore.Infrastructure.Crosscutting\MessageCore.Infrastructure.Crosscutting.csproj", "{275FAC9B-4713-421E-A26B-A9A924B3F61C}"
EndProject
Project("{9A19103F-16F7-4668-BE54-9A1E7A4F7556}") = "MessageCore.Infrastructure.Adapter.AutoMapper", "src\Services\MessageCore\MessageCore.Infrastructure.Adapter.AutoMapper\MessageCore.Infrastructure.Adapter.AutoMapper.csproj", "{13355149-9425-4DEE-97A0-CA8072686033}"
EndProject
Project("{9A19103F-16F7-4668-BE54-9A1E7A4F7556}") = "MessageCore.Infrastructure.Ioc.AutofacModule", "src\Services\MessageCore\MessageCore.Infrastructure.Ioc.AutofacModule\MessageCore.Infrastructure.Ioc.AutofacModule.csproj", "{63826668-2C4C-402D-8008-D2208AFCE349}"
EndProject
Project("{9A19103F-16F7-4668-BE54-9A1E7A4F7556}") = "MessageCore.Infrastructure.Crosscutting.Handler", "src\Services\MessageCore\MessageCore.Infrastructure.Crosscutting.Handler\MessageCore.Infrastructure.Crosscutting.Handler.csproj", "{CC718D68-0071-4575-BE5C-A2EB46417CF7}"
EndProject
Project("{9A19103F-16F7-4668-BE54-9A1E7A4F7556}") = "MessageCore.Infrastructure.Service.Configure", "src\Services\MessageCore\MessageCore.Infrastructure.Service.Configure\MessageCore.Infrastructure.Service.Configure.csproj", "{490A011C-F644-4807-8244-084CA2A2DE3F}"
EndProject
Project("{9A19103F-16F7-4668-BE54-9A1E7A4F7556}") = "MessageCore.Gateway.Ocelot", "src\ApiGateways\MessageCore.Gateway.Ocelot\MessageCore.Gateway.Ocelot.csproj", "{FEF0C685-931A-4F08-B7DF-CCFB4CEA6E90}"
EndProject
Project("{9A19103F-16F7-4668-BE54-9A1E7A4F7556}") = "MessageCore.OpenApi", "src\Services\MessageCore\MessageCore.OpenApi\MessageCore.OpenApi.csproj", "{3DA937F7-01A7-419A-BDF3-B63968B8649D}"
EndProject
Project("{2150E333-8FDC-42A3-9474-1A3956D46DE8}") = "Framework", "Framework", "{805C3A3C-1946-4BA5-9034-797F7A45F617}"
EndProject
Project("{2150E333-8FDC-42A3-9474-1A3956D46DE8}") = "Domain", "Domain", "{54BFE6B3-02CF-4747-B0D8-CEB977F4326F}"
EndProject
Project("{2150E333-8FDC-42A3-9474-1A3956D46DE8}") = "Application", "Application", "{9EEA4E1F-726C-4906-8DA0-83D518974E71}"
EndProject
Project("{2150E333-8FDC-42A3-9474-1A3956D46DE8}") = "Repository", "Repository", "{E6232D48-5044-4AE5-8F77-AD3597434E0D}"
EndProject
Project("{2150E333-8FDC-42A3-9474-1A3956D46DE8}") = "Infrastructure", "Infrastructure", "{C82F4ACA-C2E2-478B-8946-CE6919280F2A}"
EndProject
Project("{9A19103F-16F7-4668-BE54-9A1E7A4F7556}") = "Framework.Domain.Core", "src\BuildingBlocks\Framework\Framework.Domain.Core\Framework.Domain.Core.csproj", "{6D74B6DA-BAB0-4A66-9239-91BA3E859D17}"
EndProject
Project("{9A19103F-16F7-4668-BE54-9A1E7A4F7556}") = "Framework.Infrastructure.Crosscutting", "src\BuildingBlocks\Framework\Framework.Infrastructure.Crosscutting\Framework.Infrastructure.Crosscutting.csproj", "{2BFFA6FA-0D5E-4AB0-8C9A-D5CC70212CD1}"
EndProject
Project("{9A19103F-16F7-4668-BE54-9A1E7A4F7556}") = "Framework.Infrastructure.Crosscutting.EventBus.RabbitMq", "src\BuildingBlocks\Framework\Framework.Infrastructure.Crosscutting.EventBus.RabbitMq\Framework.Infrastructure.Crosscutting.EventBus.RabbitMq.csproj", "{C47EDD46-D557-4124-9D6A-CB6E7EC96C88}"
EndProject
Project("{9A19103F-16F7-4668-BE54-9A1E7A4F7556}") = "Framework.Infrastructure.Crosscutting.EventBus", "src\BuildingBlocks\Framework\Framework.Infrastructure.Crosscutting.EventBus\Framework.Infrastructure.Crosscutting.EventBus.csproj", "{9D06755C-2236-4E86-AF28-2A23B58CE70A}"
EndProject
Project("{9A19103F-16F7-4668-BE54-9A1E7A4F7556}") = "Framework.Repository.MongoDB", "src\BuildingBlocks\Framework\Framework.Repository.MongoDB\Framework.Repository.MongoDB.csproj", "{566EA712-73EA-48F5-9BBB-F81E583C76DF}"
EndProject
Project("{2150E333-8FDC-42A3-9474-1A3956D46DE8}") = "BuildingBlocks", "BuildingBlocks", "{93009D8E-A444-4909-A648-9AA89A043785}"
EndProject
Project("{9A19103F-16F7-4668-BE54-9A1E7A4F7556}") = "MessageCore.Infrastructure.Exceptions", "src\Services\MessageCore\MessageCore.Infrastructure.Exceptions\MessageCore.Infrastructure.Exceptions.csproj", "{CEC42B0F-04F9-4D16-801B-F8E80F19D103}"
EndProject
Project("{9A19103F-16F7-4668-BE54-9A1E7A4F7556}") = "Framework.Infrastructure.UOW", "src\BuildingBlocks\Framework\Framework.Infrastructure.UOW\Framework.Infrastructure.UOW.csproj", "{A0D8D346-9A98-4051-B751-931E729B340C}"
EndProject
Project("{9A19103F-16F7-4668-BE54-9A1E7A4F7556}") = "Framework.Infrastructure.Adapter.AutoMapper", "src\BuildingBlocks\Framework\Framework.Infrastructure.Adapter.AutoMapper\Framework.Infrastructure.Adapter.AutoMapper.csproj", "{AFEEAD7C-8472-402C-B840-BC2A2DD23ACF}"
EndProject
Project("{9A19103F-16F7-4668-BE54-9A1E7A4F7556}") = "Framework.Application.Core", "src\BuildingBlocks\Framework\Framework.Application.Core\Framework.Application.Core.csproj", "{1E537EE4-3C8C-4A22-95CD-753CAFA9D49B}"
EndProject
Project("{2150E333-8FDC-42A3-9474-1A3956D46DE8}") = "MessageCore", "MessageCore", "{770DB0AB-5241-4D9D-9A6E-99E37C3CAF58}"
EndProject
Project("{2150E333-8FDC-42A3-9474-1A3956D46DE8}") = "TemplateTestService", "TemplateTestService", "{C4AF5246-9D33-4A9D-9256-F286F94F0EB0}"
EndProject
Project("{9A19103F-16F7-4668-BE54-9A1E7A4F7556}") = "MessageCore.Application.Test", "tests\MessageCore.Application.Test\MessageCore.Application.Test.csproj", "{F86E69D9-A2AF-41AB-A33D-E794B51174BE}"
EndProject
Project("{9A19103F-16F7-4668-BE54-9A1E7A4F7556}") = "MessageCore.BackgroundTask.Test", "tests\MessageCore.BackgroundTask.Test\MessageCore.BackgroundTask.Test.csproj", "{4A6B4741-1811-496F-B1C7-D4B110EC5A6C}"
EndProject
Project("{2150E333-8FDC-42A3-9474-1A3956D46DE8}") = "SDK", "SDK", "{A219E1AF-06AA-455F-A5B7-A625F0746D6C}"
EndProject
Project("{2150E333-8FDC-42A3-9474-1A3956D46DE8}") = "MessageCore", "MessageCore", "{91C5C745-960A-4B84-B70F-F0ED459B47CF}"
EndProject
Project("{9A19103F-16F7-4668-BE54-9A1E7A4F7556}") = "MessageCore.OpenApi.SDK", "src\SDK\MessageCore\MessageCore.OpenApi.SDK\MessageCore.OpenApi.SDK.csproj", "{C5DE68AC-BC62-42FC-A3D2-494DDA1BA95D}"
EndProject
Project("{9A19103F-16F7-4668-BE54-9A1E7A4F7556}") = "MessageCore.OpenApi.SDK.Definitions", "src\SDK\MessageCore\MessageCore.OpenApi.SDK.Definitions\MessageCore.OpenApi.SDK.Definitions.csproj", "{0688BBAB-2908-4415-B517-F221F6183FEF}"
EndProject
Project("{2150E333-8FDC-42A3-9474-1A3956D46DE8}") = "SDK", "SDK", "{E71E26A2-6285-4725-BE76-90D7B31D783C}"
EndProject
Project("{9A19103F-16F7-4668-BE54-9A1E7A4F7556}") = "MessageCore.OpenApi.SDK.Test", "tests\SDK\TestProject2\MessageCore.OpenApi.SDK.Test.csproj", "{D09A9361-6B96-41B2-AE06-A1CBE7201BF3}"
EndProject
Global
	GlobalSection(SolutionConfigurationPlatforms) = preSolution
		Debug|Any CPU = Debug|Any CPU
		Release|Any CPU = Release|Any CPU
	EndGlobalSection
	GlobalSection(ProjectConfigurationPlatforms) = postSolution
		{3E6B5910-930B-4467-A469-DBEC064A8A5F}.Debug|Any CPU.ActiveCfg = Debug|Any CPU
		{3E6B5910-930B-4467-A469-DBEC064A8A5F}.Debug|Any CPU.Build.0 = Debug|Any CPU
		{3E6B5910-930B-4467-A469-DBEC064A8A5F}.Release|Any CPU.ActiveCfg = Release|Any CPU
		{3E6B5910-930B-4467-A469-DBEC064A8A5F}.Release|Any CPU.Build.0 = Release|Any CPU
		{D9059CB8-D093-4457-A708-C5BD5545A26E}.Debug|Any CPU.ActiveCfg = Debug|Any CPU
		{D9059CB8-D093-4457-A708-C5BD5545A26E}.Debug|Any CPU.Build.0 = Debug|Any CPU
		{D9059CB8-D093-4457-A708-C5BD5545A26E}.Release|Any CPU.ActiveCfg = Release|Any CPU
		{D9059CB8-D093-4457-A708-C5BD5545A26E}.Release|Any CPU.Build.0 = Release|Any CPU
		{34BBE3F3-E01F-4920-96FD-4621BEAC9D38}.Debug|Any CPU.ActiveCfg = Debug|Any CPU
		{34BBE3F3-E01F-4920-96FD-4621BEAC9D38}.Debug|Any CPU.Build.0 = Debug|Any CPU
		{34BBE3F3-E01F-4920-96FD-4621BEAC9D38}.Release|Any CPU.ActiveCfg = Release|Any CPU
		{34BBE3F3-E01F-4920-96FD-4621BEAC9D38}.Release|Any CPU.Build.0 = Release|Any CPU
		{1E03AAAD-3BBB-495D-93B4-FB6B67ACA803}.Debug|Any CPU.ActiveCfg = Debug|Any CPU
		{1E03AAAD-3BBB-495D-93B4-FB6B67ACA803}.Debug|Any CPU.Build.0 = Debug|Any CPU
		{1E03AAAD-3BBB-495D-93B4-FB6B67ACA803}.Release|Any CPU.ActiveCfg = Release|Any CPU
		{1E03AAAD-3BBB-495D-93B4-FB6B67ACA803}.Release|Any CPU.Build.0 = Release|Any CPU
		{615ACA38-4663-4A71-A3AF-9676CB783258}.Debug|Any CPU.ActiveCfg = Debug|Any CPU
		{615ACA38-4663-4A71-A3AF-9676CB783258}.Debug|Any CPU.Build.0 = Debug|Any CPU
		{615ACA38-4663-4A71-A3AF-9676CB783258}.Release|Any CPU.ActiveCfg = Release|Any CPU
		{615ACA38-4663-4A71-A3AF-9676CB783258}.Release|Any CPU.Build.0 = Release|Any CPU
		{275FAC9B-4713-421E-A26B-A9A924B3F61C}.Debug|Any CPU.ActiveCfg = Debug|Any CPU
		{275FAC9B-4713-421E-A26B-A9A924B3F61C}.Debug|Any CPU.Build.0 = Debug|Any CPU
		{275FAC9B-4713-421E-A26B-A9A924B3F61C}.Release|Any CPU.ActiveCfg = Release|Any CPU
		{275FAC9B-4713-421E-A26B-A9A924B3F61C}.Release|Any CPU.Build.0 = Release|Any CPU
		{13355149-9425-4DEE-97A0-CA8072686033}.Debug|Any CPU.ActiveCfg = Debug|Any CPU
		{13355149-9425-4DEE-97A0-CA8072686033}.Debug|Any CPU.Build.0 = Debug|Any CPU
		{13355149-9425-4DEE-97A0-CA8072686033}.Release|Any CPU.ActiveCfg = Release|Any CPU
		{13355149-9425-4DEE-97A0-CA8072686033}.Release|Any CPU.Build.0 = Release|Any CPU
		{63826668-2C4C-402D-8008-D2208AFCE349}.Debug|Any CPU.ActiveCfg = Debug|Any CPU
		{63826668-2C4C-402D-8008-D2208AFCE349}.Debug|Any CPU.Build.0 = Debug|Any CPU
		{63826668-2C4C-402D-8008-D2208AFCE349}.Release|Any CPU.ActiveCfg = Release|Any CPU
		{63826668-2C4C-402D-8008-D2208AFCE349}.Release|Any CPU.Build.0 = Release|Any CPU
		{CC718D68-0071-4575-BE5C-A2EB46417CF7}.Debug|Any CPU.ActiveCfg = Debug|Any CPU
		{CC718D68-0071-4575-BE5C-A2EB46417CF7}.Debug|Any CPU.Build.0 = Debug|Any CPU
		{CC718D68-0071-4575-BE5C-A2EB46417CF7}.Release|Any CPU.ActiveCfg = Release|Any CPU
		{CC718D68-0071-4575-BE5C-A2EB46417CF7}.Release|Any CPU.Build.0 = Release|Any CPU
		{490A011C-F644-4807-8244-084CA2A2DE3F}.Debug|Any CPU.ActiveCfg = Debug|Any CPU
		{490A011C-F644-4807-8244-084CA2A2DE3F}.Debug|Any CPU.Build.0 = Debug|Any CPU
		{490A011C-F644-4807-8244-084CA2A2DE3F}.Release|Any CPU.ActiveCfg = Release|Any CPU
		{490A011C-F644-4807-8244-084CA2A2DE3F}.Release|Any CPU.Build.0 = Release|Any CPU
		{FEF0C685-931A-4F08-B7DF-CCFB4CEA6E90}.Debug|Any CPU.ActiveCfg = Debug|Any CPU
		{FEF0C685-931A-4F08-B7DF-CCFB4CEA6E90}.Debug|Any CPU.Build.0 = Debug|Any CPU
		{FEF0C685-931A-4F08-B7DF-CCFB4CEA6E90}.Release|Any CPU.ActiveCfg = Release|Any CPU
		{FEF0C685-931A-4F08-B7DF-CCFB4CEA6E90}.Release|Any CPU.Build.0 = Release|Any CPU
		{3DA937F7-01A7-419A-BDF3-B63968B8649D}.Debug|Any CPU.ActiveCfg = Debug|Any CPU
		{3DA937F7-01A7-419A-BDF3-B63968B8649D}.Debug|Any CPU.Build.0 = Debug|Any CPU
		{3DA937F7-01A7-419A-BDF3-B63968B8649D}.Release|Any CPU.ActiveCfg = Release|Any CPU
		{3DA937F7-01A7-419A-BDF3-B63968B8649D}.Release|Any CPU.Build.0 = Release|Any CPU
		{6D74B6DA-BAB0-4A66-9239-91BA3E859D17}.Debug|Any CPU.ActiveCfg = Debug|Any CPU
		{6D74B6DA-BAB0-4A66-9239-91BA3E859D17}.Debug|Any CPU.Build.0 = Debug|Any CPU
		{6D74B6DA-BAB0-4A66-9239-91BA3E859D17}.Release|Any CPU.ActiveCfg = Release|Any CPU
		{6D74B6DA-BAB0-4A66-9239-91BA3E859D17}.Release|Any CPU.Build.0 = Release|Any CPU
		{2BFFA6FA-0D5E-4AB0-8C9A-D5CC70212CD1}.Debug|Any CPU.ActiveCfg = Debug|Any CPU
		{2BFFA6FA-0D5E-4AB0-8C9A-D5CC70212CD1}.Debug|Any CPU.Build.0 = Debug|Any CPU
		{2BFFA6FA-0D5E-4AB0-8C9A-D5CC70212CD1}.Release|Any CPU.ActiveCfg = Release|Any CPU
		{2BFFA6FA-0D5E-4AB0-8C9A-D5CC70212CD1}.Release|Any CPU.Build.0 = Release|Any CPU
		{C47EDD46-D557-4124-9D6A-CB6E7EC96C88}.Debug|Any CPU.ActiveCfg = Debug|Any CPU
		{C47EDD46-D557-4124-9D6A-CB6E7EC96C88}.Debug|Any CPU.Build.0 = Debug|Any CPU
		{C47EDD46-D557-4124-9D6A-CB6E7EC96C88}.Release|Any CPU.ActiveCfg = Release|Any CPU
		{C47EDD46-D557-4124-9D6A-CB6E7EC96C88}.Release|Any CPU.Build.0 = Release|Any CPU
		{9D06755C-2236-4E86-AF28-2A23B58CE70A}.Debug|Any CPU.ActiveCfg = Debug|Any CPU
		{9D06755C-2236-4E86-AF28-2A23B58CE70A}.Debug|Any CPU.Build.0 = Debug|Any CPU
		{9D06755C-2236-4E86-AF28-2A23B58CE70A}.Release|Any CPU.ActiveCfg = Release|Any CPU
		{9D06755C-2236-4E86-AF28-2A23B58CE70A}.Release|Any CPU.Build.0 = Release|Any CPU
		{566EA712-73EA-48F5-9BBB-F81E583C76DF}.Debug|Any CPU.ActiveCfg = Debug|Any CPU
		{566EA712-73EA-48F5-9BBB-F81E583C76DF}.Debug|Any CPU.Build.0 = Debug|Any CPU
		{566EA712-73EA-48F5-9BBB-F81E583C76DF}.Release|Any CPU.ActiveCfg = Release|Any CPU
		{566EA712-73EA-48F5-9BBB-F81E583C76DF}.Release|Any CPU.Build.0 = Release|Any CPU
		{CEC42B0F-04F9-4D16-801B-F8E80F19D103}.Debug|Any CPU.ActiveCfg = Debug|Any CPU
		{CEC42B0F-04F9-4D16-801B-F8E80F19D103}.Debug|Any CPU.Build.0 = Debug|Any CPU
		{CEC42B0F-04F9-4D16-801B-F8E80F19D103}.Release|Any CPU.ActiveCfg = Release|Any CPU
		{CEC42B0F-04F9-4D16-801B-F8E80F19D103}.Release|Any CPU.Build.0 = Release|Any CPU
		{A0D8D346-9A98-4051-B751-931E729B340C}.Debug|Any CPU.ActiveCfg = Debug|Any CPU
		{A0D8D346-9A98-4051-B751-931E729B340C}.Debug|Any CPU.Build.0 = Debug|Any CPU
		{A0D8D346-9A98-4051-B751-931E729B340C}.Release|Any CPU.ActiveCfg = Release|Any CPU
		{A0D8D346-9A98-4051-B751-931E729B340C}.Release|Any CPU.Build.0 = Release|Any CPU
		{AFEEAD7C-8472-402C-B840-BC2A2DD23ACF}.Debug|Any CPU.ActiveCfg = Debug|Any CPU
		{AFEEAD7C-8472-402C-B840-BC2A2DD23ACF}.Debug|Any CPU.Build.0 = Debug|Any CPU
		{AFEEAD7C-8472-402C-B840-BC2A2DD23ACF}.Release|Any CPU.ActiveCfg = Release|Any CPU
		{AFEEAD7C-8472-402C-B840-BC2A2DD23ACF}.Release|Any CPU.Build.0 = Release|Any CPU
		{1E537EE4-3C8C-4A22-95CD-753CAFA9D49B}.Debug|Any CPU.ActiveCfg = Debug|Any CPU
		{1E537EE4-3C8C-4A22-95CD-753CAFA9D49B}.Debug|Any CPU.Build.0 = Debug|Any CPU
		{1E537EE4-3C8C-4A22-95CD-753CAFA9D49B}.Release|Any CPU.ActiveCfg = Release|Any CPU
		{1E537EE4-3C8C-4A22-95CD-753CAFA9D49B}.Release|Any CPU.Build.0 = Release|Any CPU
		{F86E69D9-A2AF-41AB-A33D-E794B51174BE}.Debug|Any CPU.ActiveCfg = Debug|Any CPU
		{F86E69D9-A2AF-41AB-A33D-E794B51174BE}.Debug|Any CPU.Build.0 = Debug|Any CPU
		{F86E69D9-A2AF-41AB-A33D-E794B51174BE}.Release|Any CPU.ActiveCfg = Release|Any CPU
		{F86E69D9-A2AF-41AB-A33D-E794B51174BE}.Release|Any CPU.Build.0 = Release|Any CPU
		{4A6B4741-1811-496F-B1C7-D4B110EC5A6C}.Debug|Any CPU.ActiveCfg = Debug|Any CPU
		{4A6B4741-1811-496F-B1C7-D4B110EC5A6C}.Debug|Any CPU.Build.0 = Debug|Any CPU
		{4A6B4741-1811-496F-B1C7-D4B110EC5A6C}.Release|Any CPU.ActiveCfg = Release|Any CPU
		{4A6B4741-1811-496F-B1C7-D4B110EC5A6C}.Release|Any CPU.Build.0 = Release|Any CPU
		{C5DE68AC-BC62-42FC-A3D2-494DDA1BA95D}.Debug|Any CPU.ActiveCfg = Debug|Any CPU
		{C5DE68AC-BC62-42FC-A3D2-494DDA1BA95D}.Debug|Any CPU.Build.0 = Debug|Any CPU
		{C5DE68AC-BC62-42FC-A3D2-494DDA1BA95D}.Release|Any CPU.ActiveCfg = Release|Any CPU
		{C5DE68AC-BC62-42FC-A3D2-494DDA1BA95D}.Release|Any CPU.Build.0 = Release|Any CPU
		{0688BBAB-2908-4415-B517-F221F6183FEF}.Debug|Any CPU.ActiveCfg = Debug|Any CPU
		{0688BBAB-2908-4415-B517-F221F6183FEF}.Debug|Any CPU.Build.0 = Debug|Any CPU
		{0688BBAB-2908-4415-B517-F221F6183FEF}.Release|Any CPU.ActiveCfg = Release|Any CPU
		{0688BBAB-2908-4415-B517-F221F6183FEF}.Release|Any CPU.Build.0 = Release|Any CPU
		{D09A9361-6B96-41B2-AE06-A1CBE7201BF3}.Debug|Any CPU.ActiveCfg = Debug|Any CPU
		{D09A9361-6B96-41B2-AE06-A1CBE7201BF3}.Debug|Any CPU.Build.0 = Debug|Any CPU
		{D09A9361-6B96-41B2-AE06-A1CBE7201BF3}.Release|Any CPU.ActiveCfg = Release|Any CPU
		{D09A9361-6B96-41B2-AE06-A1CBE7201BF3}.Release|Any CPU.Build.0 = Release|Any CPU
	EndGlobalSection
	GlobalSection(SolutionProperties) = preSolution
		HideSolutionNode = FALSE
	EndGlobalSection
	GlobalSection(NestedProjects) = preSolution
		{947F5727-34DF-4871-925C-4712DDFAE205} = {1D1BC694-4050-4FF1-B8AA-C789174527B2}
		{C235AB8D-1CD4-4672-8275-1F3E38179424} = {1D1BC694-4050-4FF1-B8AA-C789174527B2}
		{432F19E2-B835-4740-AF89-2302DA60CDA4} = {1D1BC694-4050-4FF1-B8AA-C789174527B2}
		{45F65E93-EC8F-4EC1-A125-8C5E42740EF1} = {1D1BC694-4050-4FF1-B8AA-C789174527B2}
		{ECBA71CC-8CB6-445D-B86E-BB6DCB0E1C22} = {432F19E2-B835-4740-AF89-2302DA60CDA4}
		{336D169D-2AFB-4D92-8578-B67E55395DD4} = {ECBA71CC-8CB6-445D-B86E-BB6DCB0E1C22}
		{C665C75A-8A16-4E51-95CF-2326B5B1BBF4} = {ECBA71CC-8CB6-445D-B86E-BB6DCB0E1C22}
		{98A49435-DB5D-4D31-A63D-72BC727E8ABE} = {ECBA71CC-8CB6-445D-B86E-BB6DCB0E1C22}
		{BC75EBD9-8B19-4DA1-B15B-ABE4A5CF87B3} = {ECBA71CC-8CB6-445D-B86E-BB6DCB0E1C22}
		{F0DF63BE-B8DD-469E-BA73-619B232968C3} = {ECBA71CC-8CB6-445D-B86E-BB6DCB0E1C22}
		{C5C4BD1B-33FE-4582-8CCF-028D719C26F6} = {ECBA71CC-8CB6-445D-B86E-BB6DCB0E1C22}
		{9946752D-8A43-49CE-9544-12874F16F841} = {45F65E93-EC8F-4EC1-A125-8C5E42740EF1}
		{3E6B5910-930B-4467-A469-DBEC064A8A5F} = {BC75EBD9-8B19-4DA1-B15B-ABE4A5CF87B3}
		{D9059CB8-D093-4457-A708-C5BD5545A26E} = {C5C4BD1B-33FE-4582-8CCF-028D719C26F6}
		{34BBE3F3-E01F-4920-96FD-4621BEAC9D38} = {98A49435-DB5D-4D31-A63D-72BC727E8ABE}
		{1E03AAAD-3BBB-495D-93B4-FB6B67ACA803} = {336D169D-2AFB-4D92-8578-B67E55395DD4}
		{615ACA38-4663-4A71-A3AF-9676CB783258} = {C665C75A-8A16-4E51-95CF-2326B5B1BBF4}
		{275FAC9B-4713-421E-A26B-A9A924B3F61C} = {F0DF63BE-B8DD-469E-BA73-619B232968C3}
		{13355149-9425-4DEE-97A0-CA8072686033} = {F0DF63BE-B8DD-469E-BA73-619B232968C3}
		{63826668-2C4C-402D-8008-D2208AFCE349} = {F0DF63BE-B8DD-469E-BA73-619B232968C3}
		{CC718D68-0071-4575-BE5C-A2EB46417CF7} = {F0DF63BE-B8DD-469E-BA73-619B232968C3}
		{490A011C-F644-4807-8244-084CA2A2DE3F} = {F0DF63BE-B8DD-469E-BA73-619B232968C3}
		{FEF0C685-931A-4F08-B7DF-CCFB4CEA6E90} = {947F5727-34DF-4871-925C-4712DDFAE205}
		{3DA937F7-01A7-419A-BDF3-B63968B8649D} = {336D169D-2AFB-4D92-8578-B67E55395DD4}
		{805C3A3C-1946-4BA5-9034-797F7A45F617} = {C235AB8D-1CD4-4672-8275-1F3E38179424}
		{54BFE6B3-02CF-4747-B0D8-CEB977F4326F} = {805C3A3C-1946-4BA5-9034-797F7A45F617}
		{9EEA4E1F-726C-4906-8DA0-83D518974E71} = {805C3A3C-1946-4BA5-9034-797F7A45F617}
		{E6232D48-5044-4AE5-8F77-AD3597434E0D} = {805C3A3C-1946-4BA5-9034-797F7A45F617}
		{C82F4ACA-C2E2-478B-8946-CE6919280F2A} = {805C3A3C-1946-4BA5-9034-797F7A45F617}
		{6D74B6DA-BAB0-4A66-9239-91BA3E859D17} = {54BFE6B3-02CF-4747-B0D8-CEB977F4326F}
		{2BFFA6FA-0D5E-4AB0-8C9A-D5CC70212CD1} = {C82F4ACA-C2E2-478B-8946-CE6919280F2A}
		{C47EDD46-D557-4124-9D6A-CB6E7EC96C88} = {C82F4ACA-C2E2-478B-8946-CE6919280F2A}
		{9D06755C-2236-4E86-AF28-2A23B58CE70A} = {C82F4ACA-C2E2-478B-8946-CE6919280F2A}
		{566EA712-73EA-48F5-9BBB-F81E583C76DF} = {E6232D48-5044-4AE5-8F77-AD3597434E0D}
		{93009D8E-A444-4909-A648-9AA89A043785} = {8484EEF7-3353-4A49-91D2-E5CA21A653C7}
		{CEC42B0F-04F9-4D16-801B-F8E80F19D103} = {F0DF63BE-B8DD-469E-BA73-619B232968C3}
		{A0D8D346-9A98-4051-B751-931E729B340C} = {C82F4ACA-C2E2-478B-8946-CE6919280F2A}
		{AFEEAD7C-8472-402C-B840-BC2A2DD23ACF} = {C82F4ACA-C2E2-478B-8946-CE6919280F2A}
		{1E537EE4-3C8C-4A22-95CD-753CAFA9D49B} = {9EEA4E1F-726C-4906-8DA0-83D518974E71}
		{770DB0AB-5241-4D9D-9A6E-99E37C3CAF58} = {8484EEF7-3353-4A49-91D2-E5CA21A653C7}
		{C4AF5246-9D33-4A9D-9256-F286F94F0EB0} = {8484EEF7-3353-4A49-91D2-E5CA21A653C7}
		{F86E69D9-A2AF-41AB-A33D-E794B51174BE} = {770DB0AB-5241-4D9D-9A6E-99E37C3CAF58}
		{4A6B4741-1811-496F-B1C7-D4B110EC5A6C} = {770DB0AB-5241-4D9D-9A6E-99E37C3CAF58}
		{A219E1AF-06AA-455F-A5B7-A625F0746D6C} = {1D1BC694-4050-4FF1-B8AA-C789174527B2}
		{91C5C745-960A-4B84-B70F-F0ED459B47CF} = {A219E1AF-06AA-455F-A5B7-A625F0746D6C}
		{C5DE68AC-BC62-42FC-A3D2-494DDA1BA95D} = {91C5C745-960A-4B84-B70F-F0ED459B47CF}
		{0688BBAB-2908-4415-B517-F221F6183FEF} = {91C5C745-960A-4B84-B70F-F0ED459B47CF}
		{E71E26A2-6285-4725-BE76-90D7B31D783C} = {8484EEF7-3353-4A49-91D2-E5CA21A653C7}
		{D09A9361-6B96-41B2-AE06-A1CBE7201BF3} = {E71E26A2-6285-4725-BE76-90D7B31D783C}
	EndGlobalSection
	GlobalSection(ExtensibilityGlobals) = postSolution
		SolutionGuid = {E57D0184-6ECD-4970-90D1-680738353FDA}
	EndGlobalSection
EndGlobal
